
Microsoft Visual Studio Solution File, Format Version 12.00
# Visual Studio Version 17
VisualStudioVersion = 17.8.34316.72
MinimumVisualStudioVersion = 10.0.40219.1
Project("{9A19103F-16F7-4668-BE54-9A1E7A4F7556}") = "EveryPinApi", "EveryPinApi\EveryPinApi.csproj", "{7A411997-B6D6-427E-9216-D5A1CB9A15E8}"
EndProject
Project("{9A19103F-16F7-4668-BE54-9A1E7A4F7556}") = "Contracts", "Contracts\Contracts.csproj", "{7EB6F8BE-B583-4105-AD83-155EE0BC2D72}"
EndProject
Project("{9A19103F-16F7-4668-BE54-9A1E7A4F7556}") = "Entites", "EveryPinApi.Entites\Entites.csproj", "{017AB4C5-EC4D-49BA-A8D4-90A69BBF7170}"
EndProject
Project("{9A19103F-16F7-4668-BE54-9A1E7A4F7556}") = "Repository", "Repository\Repository.csproj", "{834ECF1D-53C8-46E2-A7C9-E8A695CA3CBA}"
EndProject
Project("{9A19103F-16F7-4668-BE54-9A1E7A4F7556}") = "Service.Contracts", "Service.Contracts\Service.Contracts.csproj", "{F794D367-97DC-4B09-9B70-6AE16D7E07E1}"
EndProject
Project("{9A19103F-16F7-4668-BE54-9A1E7A4F7556}") = "Service", "Service\Service.csproj", "{767347CD-A22E-4F08-973E-949BA54E4E2E}"
EndProject
Project("{FAE04EC0-301F-11D3-BF4B-00C04F79EFBC}") = "EveryPinApi.Presentation", "EveryPinApi.Presentation\EveryPinApi.Presentation.csproj", "{D42FD03D-81F5-4E10-BF6F-69CF3C5383DE}"
EndProject
Global
	GlobalSection(SolutionConfigurationPlatforms) = preSolution
		Debug|Any CPU = Debug|Any CPU
		Release|Any CPU = Release|Any CPU
	EndGlobalSection
	GlobalSection(ProjectConfigurationPlatforms) = postSolution
		{7A411997-B6D6-427E-9216-D5A1CB9A15E8}.Debug|Any CPU.ActiveCfg = Debug|Any CPU
		{7A411997-B6D6-427E-9216-D5A1CB9A15E8}.Debug|Any CPU.Build.0 = Debug|Any CPU
		{7A411997-B6D6-427E-9216-D5A1CB9A15E8}.Release|Any CPU.ActiveCfg = Release|Any CPU
		{7A411997-B6D6-427E-9216-D5A1CB9A15E8}.Release|Any CPU.Build.0 = Release|Any CPU
		{7EB6F8BE-B583-4105-AD83-155EE0BC2D72}.Debug|Any CPU.ActiveCfg = Debug|Any CPU
		{7EB6F8BE-B583-4105-AD83-155EE0BC2D72}.Debug|Any CPU.Build.0 = Debug|Any CPU
		{7EB6F8BE-B583-4105-AD83-155EE0BC2D72}.Release|Any CPU.ActiveCfg = Release|Any CPU
		{7EB6F8BE-B583-4105-AD83-155EE0BC2D72}.Release|Any CPU.Build.0 = Release|Any CPU
		{017AB4C5-EC4D-49BA-A8D4-90A69BBF7170}.Debug|Any CPU.ActiveCfg = Debug|Any CPU
		{017AB4C5-EC4D-49BA-A8D4-90A69BBF7170}.Debug|Any CPU.Build.0 = Debug|Any CPU
		{017AB4C5-EC4D-49BA-A8D4-90A69BBF7170}.Release|Any CPU.ActiveCfg = Release|Any CPU
		{017AB4C5-EC4D-49BA-A8D4-90A69BBF7170}.Release|Any CPU.Build.0 = Release|Any CPU
		{834ECF1D-53C8-46E2-A7C9-E8A695CA3CBA}.Debug|Any CPU.ActiveCfg = Debug|Any CPU
		{834ECF1D-53C8-46E2-A7C9-E8A695CA3CBA}.Debug|Any CPU.Build.0 = Debug|Any CPU
		{834ECF1D-53C8-46E2-A7C9-E8A695CA3CBA}.Release|Any CPU.ActiveCfg = Release|Any CPU
		{834ECF1D-53C8-46E2-A7C9-E8A695CA3CBA}.Release|Any CPU.Build.0 = Release|Any CPU
		{F794D367-97DC-4B09-9B70-6AE16D7E07E1}.Debug|Any CPU.ActiveCfg = Debug|Any CPU
		{F794D367-97DC-4B09-9B70-6AE16D7E07E1}.Debug|Any CPU.Build.0 = Debug|Any CPU
		{F794D367-97DC-4B09-9B70-6AE16D7E07E1}.Release|Any CPU.ActiveCfg = Release|Any CPU
		{F794D367-97DC-4B09-9B70-6AE16D7E07E1}.Release|Any CPU.Build.0 = Release|Any CPU
		{767347CD-A22E-4F08-973E-949BA54E4E2E}.Debug|Any CPU.ActiveCfg = Debug|Any CPU
		{767347CD-A22E-4F08-973E-949BA54E4E2E}.Debug|Any CPU.Build.0 = Debug|Any CPU
		{767347CD-A22E-4F08-973E-949BA54E4E2E}.Release|Any CPU.ActiveCfg = Release|Any CPU
		{767347CD-A22E-4F08-973E-949BA54E4E2E}.Release|Any CPU.Build.0 = Release|Any CPU
		{D42FD03D-81F5-4E10-BF6F-69CF3C5383DE}.Debug|Any CPU.ActiveCfg = Debug|Any CPU
		{D42FD03D-81F5-4E10-BF6F-69CF3C5383DE}.Debug|Any CPU.Build.0 = Debug|Any CPU
		{D42FD03D-81F5-4E10-BF6F-69CF3C5383DE}.Release|Any CPU.ActiveCfg = Release|Any CPU
		{D42FD03D-81F5-4E10-BF6F-69CF3C5383DE}.Release|Any CPU.Build.0 = Release|Any CPU
	EndGlobalSection
	GlobalSection(SolutionProperties) = preSolution
		HideSolutionNode = FALSE
	EndGlobalSection
	GlobalSection(ExtensibilityGlobals) = postSolution
		SolutionGuid = {345EA5EF-2911-4EF1-AB98-C23AACC64862}
	EndGlobalSection
EndGlobal
